// !$*UTF8*$!
{
	archiveVersion = 1;
	classes = {
	};
	objectVersion = 46;
	objects = {

/* Begin PBXBuildFile section */
		29B6D4171995552300A09D6F /* AppDelegate.swift in Sources */ = {isa = PBXBuildFile; fileRef = 29B6D4161995552300A09D6F /* AppDelegate.swift */; };
		29B6D41E1995552300A09D6F /* Main.storyboard in Resources */ = {isa = PBXBuildFile; fileRef = 29B6D41C1995552300A09D6F /* Main.storyboard */; };
		29B6D4201995552300A09D6F /* Images.xcassets in Resources */ = {isa = PBXBuildFile; fileRef = 29B6D41F1995552300A09D6F /* Images.xcassets */; };
		29B6D42C1995552400A09D6F /* OneNewsTests.swift in Sources */ = {isa = PBXBuildFile; fileRef = 29B6D42B1995552400A09D6F /* OneNewsTests.swift */; };
		29B6D43B19957CCD00A09D6F /* ONSplitViewController.swift in Sources */ = {isa = PBXBuildFile; fileRef = 29B6D43A19957CCD00A09D6F /* ONSplitViewController.swift */; };
		29B6D43D19967B9500A09D6F /* WebviewController.swift in Sources */ = {isa = PBXBuildFile; fileRef = 29B6D43C19967B9500A09D6F /* WebviewController.swift */; };
		29B6D43F1996864400A09D6F /* Post.swift in Sources */ = {isa = PBXBuildFile; fileRef = 29B6D43E1996864400A09D6F /* Post.swift */; };
		29B6D4441996BC4100A09D6F /* GCD.swift in Sources */ = {isa = PBXBuildFile; fileRef = 29B6D4431996BC4100A09D6F /* GCD.swift */; };
		29B6D4461996CABE00A09D6F /* DataStore.swift in Sources */ = {isa = PBXBuildFile; fileRef = 29B6D4451996CABE00A09D6F /* DataStore.swift */; };
		29B6D44C1996CC4B00A09D6F /* SwiftyJSON.swift in Sources */ = {isa = PBXBuildFile; fileRef = 29B6D44B1996CC4B00A09D6F /* SwiftyJSON.swift */; };
		29B9AF4A19982376006928F8 /* rss.json in Resources */ = {isa = PBXBuildFile; fileRef = 29B9AF4919982376006928F8 /* rss.json */; };
		29B9AF4C199827C1006928F8 /* HackerNewsCell.swift in Sources */ = {isa = PBXBuildFile; fileRef = 29B9AF4B199827C1006928F8 /* HackerNewsCell.swift */; };
		29B9AF5C1999CC82006928F8 /* CommentsController.swift in Sources */ = {isa = PBXBuildFile; fileRef = 29B9AF5B1999CC82006928F8 /* CommentsController.swift */; };
		29D43F9A199D095C00F8269F /* CColorConverter.m in Sources */ = {isa = PBXBuildFile; fileRef = 29D43F8F199D095C00F8269F /* CColorConverter.m */; };
		29D43F9B199D095C00F8269F /* CMarkupTransformer.m in Sources */ = {isa = PBXBuildFile; fileRef = 29D43F91199D095C00F8269F /* CMarkupTransformer.m */; };
		29D43F9C199D095C00F8269F /* CSimpleMarkupParser.m in Sources */ = {isa = PBXBuildFile; fileRef = 29D43F93199D095C00F8269F /* CSimpleMarkupParser.m */; };
		29D43F9D199D095C00F8269F /* NSString+MarkupExtensions.m in Sources */ = {isa = PBXBuildFile; fileRef = 29D43F95199D095C00F8269F /* NSString+MarkupExtensions.m */; };
		29D43F9E199D095C00F8269F /* UIFont+StyleUtilities.m in Sources */ = {isa = PBXBuildFile; fileRef = 29D43F97199D095C00F8269F /* UIFont+StyleUtilities.m */; };
		29D43F9F199D095C00F8269F /* UILabel+MarkupExtensions.m in Sources */ = {isa = PBXBuildFile; fileRef = 29D43F99199D095C00F8269F /* UILabel+MarkupExtensions.m */; };
		29F8561D1996E789008CF51A /* JSONRequest.swift in Sources */ = {isa = PBXBuildFile; fileRef = 29F8561C1996E789008CF51A /* JSONRequest.swift */; };
		29F8561F1996E7C2008CF51A /* HackerNewsServices.swift in Sources */ = {isa = PBXBuildFile; fileRef = 29F8561E1996E7C2008CF51A /* HackerNewsServices.swift */; };
		29F856211996E8FD008CF51A /* HackerNewsController.swift in Sources */ = {isa = PBXBuildFile; fileRef = 29F856201996E8FD008CF51A /* HackerNewsController.swift */; };
		29FACBC3199AB4BB0065B1C9 /* CommentCell.swift in Sources */ = {isa = PBXBuildFile; fileRef = 29FACBC2199AB4BB0065B1C9 /* CommentCell.swift */; };
/* End PBXBuildFile section */

/* Begin PBXContainerItemProxy section */
		29B6D4261995552400A09D6F /* PBXContainerItemProxy */ = {
			isa = PBXContainerItemProxy;
			containerPortal = 29B6D4091995552300A09D6F /* Project object */;
			proxyType = 1;
			remoteGlobalIDString = 29B6D4101995552300A09D6F;
			remoteInfo = OneNews;
		};
/* End PBXContainerItemProxy section */

/* Begin PBXFileReference section */
		29B6D4111995552300A09D6F /* OneNews.app */ = {isa = PBXFileReference; explicitFileType = wrapper.application; includeInIndex = 0; path = OneNews.app; sourceTree = BUILT_PRODUCTS_DIR; };
		29B6D4151995552300A09D6F /* Info.plist */ = {isa = PBXFileReference; lastKnownFileType = text.plist.xml; path = Info.plist; sourceTree = "<group>"; };
		29B6D4161995552300A09D6F /* AppDelegate.swift */ = {isa = PBXFileReference; lastKnownFileType = sourcecode.swift; name = AppDelegate.swift; path = OneNews/AppDelegate.swift; sourceTree = "<group>"; };
		29B6D41D1995552300A09D6F /* Base */ = {isa = PBXFileReference; lastKnownFileType = file.storyboard; name = Base; path = Base.lproj/Main.storyboard; sourceTree = "<group>"; };
		29B6D41F1995552300A09D6F /* Images.xcassets */ = {isa = PBXFileReference; lastKnownFileType = folder.assetcatalog; path = Images.xcassets; sourceTree = "<group>"; };
		29B6D4251995552400A09D6F /* OneNewsTests.xctest */ = {isa = PBXFileReference; explicitFileType = wrapper.cfbundle; includeInIndex = 0; path = OneNewsTests.xctest; sourceTree = BUILT_PRODUCTS_DIR; };
		29B6D42A1995552400A09D6F /* Info.plist */ = {isa = PBXFileReference; lastKnownFileType = text.plist.xml; path = Info.plist; sourceTree = "<group>"; };
		29B6D42B1995552400A09D6F /* OneNewsTests.swift */ = {isa = PBXFileReference; lastKnownFileType = sourcecode.swift; path = OneNewsTests.swift; sourceTree = "<group>"; };
		29B6D43A19957CCD00A09D6F /* ONSplitViewController.swift */ = {isa = PBXFileReference; fileEncoding = 4; lastKnownFileType = sourcecode.swift; name = ONSplitViewController.swift; path = "OneNews/Classes/View Controllers/ONSplitViewController.swift"; sourceTree = "<group>"; };
		29B6D43C19967B9500A09D6F /* WebviewController.swift */ = {isa = PBXFileReference; fileEncoding = 4; lastKnownFileType = sourcecode.swift; name = WebviewController.swift; path = "OneNews/Classes/View Controllers/WebviewController.swift"; sourceTree = "<group>"; };
		29B6D43E1996864400A09D6F /* Post.swift */ = {isa = PBXFileReference; fileEncoding = 4; lastKnownFileType = sourcecode.swift; name = Post.swift; path = OneNews/Classes/Models/Post.swift; sourceTree = "<group>"; };
		29B6D4401996B38E00A09D6F /* MyPlayground.playground */ = {isa = PBXFileReference; lastKnownFileType = file.playground; path = MyPlayground.playground; sourceTree = "<group>"; };
		29B6D4431996BC4100A09D6F /* GCD.swift */ = {isa = PBXFileReference; fileEncoding = 4; lastKnownFileType = sourcecode.swift; name = GCD.swift; path = OneNews/Classes/Abstract/GCD.swift; sourceTree = "<group>"; };
		29B6D4451996CABE00A09D6F /* DataStore.swift */ = {isa = PBXFileReference; fileEncoding = 4; lastKnownFileType = sourcecode.swift; name = DataStore.swift; path = OneNews/Classes/Abstract/DataStore.swift; sourceTree = "<group>"; };
		29B6D44B1996CC4B00A09D6F /* SwiftyJSON.swift */ = {isa = PBXFileReference; fileEncoding = 4; lastKnownFileType = sourcecode.swift; path = SwiftyJSON.swift; sourceTree = "<group>"; };
		29B9AF4919982376006928F8 /* rss.json */ = {isa = PBXFileReference; fileEncoding = 4; lastKnownFileType = text.json; path = rss.json; sourceTree = "<group>"; };
		29B9AF4B199827C1006928F8 /* HackerNewsCell.swift */ = {isa = PBXFileReference; fileEncoding = 4; lastKnownFileType = sourcecode.swift; name = HackerNewsCell.swift; path = "OneNews/Classes/Reusable Views/HackerNewsCell.swift"; sourceTree = "<group>"; };
		29B9AF5B1999CC82006928F8 /* CommentsController.swift */ = {isa = PBXFileReference; fileEncoding = 4; lastKnownFileType = sourcecode.swift; name = CommentsController.swift; path = "OneNews/Classes/View Controllers/CommentsController.swift"; sourceTree = "<group>"; };
		29D43F8E199D095C00F8269F /* CColorConverter.h */ = {isa = PBXFileReference; fileEncoding = 4; lastKnownFileType = sourcecode.c.h; path = CColorConverter.h; sourceTree = "<group>"; };
		29D43F8F199D095C00F8269F /* CColorConverter.m */ = {isa = PBXFileReference; fileEncoding = 4; lastKnownFileType = sourcecode.c.objc; path = CColorConverter.m; sourceTree = "<group>"; };
		29D43F90199D095C00F8269F /* CMarkupTransformer.h */ = {isa = PBXFileReference; fileEncoding = 4; lastKnownFileType = sourcecode.c.h; path = CMarkupTransformer.h; sourceTree = "<group>"; };
		29D43F91199D095C00F8269F /* CMarkupTransformer.m */ = {isa = PBXFileReference; fileEncoding = 4; lastKnownFileType = sourcecode.c.objc; path = CMarkupTransformer.m; sourceTree = "<group>"; };
		29D43F92199D095C00F8269F /* CSimpleMarkupParser.h */ = {isa = PBXFileReference; fileEncoding = 4; lastKnownFileType = sourcecode.c.h; path = CSimpleMarkupParser.h; sourceTree = "<group>"; };
		29D43F93199D095C00F8269F /* CSimpleMarkupParser.m */ = {isa = PBXFileReference; fileEncoding = 4; lastKnownFileType = sourcecode.c.objc; path = CSimpleMarkupParser.m; sourceTree = "<group>"; };
		29D43F94199D095C00F8269F /* NSString+MarkupExtensions.h */ = {isa = PBXFileReference; fileEncoding = 4; lastKnownFileType = sourcecode.c.h; path = "NSString+MarkupExtensions.h"; sourceTree = "<group>"; };
		29D43F95199D095C00F8269F /* NSString+MarkupExtensions.m */ = {isa = PBXFileReference; fileEncoding = 4; lastKnownFileType = sourcecode.c.objc; path = "NSString+MarkupExtensions.m"; sourceTree = "<group>"; };
		29D43F96199D095C00F8269F /* UIFont+StyleUtilities.h */ = {isa = PBXFileReference; fileEncoding = 4; lastKnownFileType = sourcecode.c.h; path = "UIFont+StyleUtilities.h"; sourceTree = "<group>"; };
		29D43F97199D095C00F8269F /* UIFont+StyleUtilities.m */ = {isa = PBXFileReference; fileEncoding = 4; lastKnownFileType = sourcecode.c.objc; path = "UIFont+StyleUtilities.m"; sourceTree = "<group>"; };
		29D43F98199D095C00F8269F /* UILabel+MarkupExtensions.h */ = {isa = PBXFileReference; fileEncoding = 4; lastKnownFileType = sourcecode.c.h; path = "UILabel+MarkupExtensions.h"; sourceTree = "<group>"; };
		29D43F99199D095C00F8269F /* UILabel+MarkupExtensions.m */ = {isa = PBXFileReference; fileEncoding = 4; lastKnownFileType = sourcecode.c.objc; path = "UILabel+MarkupExtensions.m"; sourceTree = "<group>"; };
		29D43FA1199D099E00F8269F /* OneNews-Bridging-Header.h */ = {isa = PBXFileReference; fileEncoding = 4; lastKnownFileType = sourcecode.c.h; path = "OneNews-Bridging-Header.h"; sourceTree = "<group>"; };
		29F8561C1996E789008CF51A /* JSONRequest.swift */ = {isa = PBXFileReference; fileEncoding = 4; lastKnownFileType = sourcecode.swift; name = JSONRequest.swift; path = OneNews/Classes/Abstract/JSONRequest.swift; sourceTree = "<group>"; };
		29F8561E1996E7C2008CF51A /* HackerNewsServices.swift */ = {isa = PBXFileReference; fileEncoding = 4; lastKnownFileType = sourcecode.swift; name = HackerNewsServices.swift; path = OneNews/Classes/Services/HackerNewsServices.swift; sourceTree = "<group>"; };
		29F856201996E8FD008CF51A /* HackerNewsController.swift */ = {isa = PBXFileReference; fileEncoding = 4; lastKnownFileType = sourcecode.swift; name = HackerNewsController.swift; path = "OneNews/Classes/View Controllers/HackerNewsController.swift"; sourceTree = "<group>"; };
		29FACBC2199AB4BB0065B1C9 /* CommentCell.swift */ = {isa = PBXFileReference; fileEncoding = 4; lastKnownFileType = sourcecode.swift; name = CommentCell.swift; path = "OneNews/Classes/Reusable Views/CommentCell.swift"; sourceTree = "<group>"; };
/* End PBXFileReference section */

/* Begin PBXFrameworksBuildPhase section */
		29B6D40E1995552300A09D6F /* Frameworks */ = {
			isa = PBXFrameworksBuildPhase;
			buildActionMask = 2147483647;
			files = (
			);
			runOnlyForDeploymentPostprocessing = 0;
		};
		29B6D4221995552400A09D6F /* Frameworks */ = {
			isa = PBXFrameworksBuildPhase;
			buildActionMask = 2147483647;
			files = (
			);
			runOnlyForDeploymentPostprocessing = 0;
		};
/* End PBXFrameworksBuildPhase section */

/* Begin PBXGroup section */
		29B6D4081995552300A09D6F = {
			isa = PBXGroup;
			children = (
				29B6D4351995553000A09D6F /* Classes */,
				29B6D4281995552400A09D6F /* OneNewsTests */,
				29B6D4141995552300A09D6F /* Other Sources */,
				29B6D4121995552300A09D6F /* Products */,
				29B6D4131995552300A09D6F /* Resources */,
				29B6D44A1996CC4B00A09D6F /* Vendor */,
			);
			sourceTree = "<group>";
		};
		29B6D4121995552300A09D6F /* Products */ = {
			isa = PBXGroup;
			children = (
				29B6D4111995552300A09D6F /* OneNews.app */,
				29B6D4251995552400A09D6F /* OneNewsTests.xctest */,
			);
			name = Products;
			sourceTree = "<group>";
		};
		29B6D4131995552300A09D6F /* Resources */ = {
			isa = PBXGroup;
			children = (
				29B9AF4819982376006928F8 /* Sample Data */,
				29B6D41F1995552300A09D6F /* Images.xcassets */,
			);
			name = Resources;
			path = OneNews;
			sourceTree = "<group>";
		};
		29B6D4141995552300A09D6F /* Other Sources */ = {
			isa = PBXGroup;
			children = (
				29B6D4151995552300A09D6F /* Info.plist */,
				29B6D4401996B38E00A09D6F /* MyPlayground.playground */,
				29D43FA1199D099E00F8269F /* OneNews-Bridging-Header.h */,
			);
			name = "Other Sources";
			path = OneNews;
			sourceTree = "<group>";
		};
		29B6D4281995552400A09D6F /* OneNewsTests */ = {
			isa = PBXGroup;
			children = (
				29B6D42B1995552400A09D6F /* OneNewsTests.swift */,
				29B6D4291995552400A09D6F /* Supporting Files */,
			);
			path = OneNewsTests;
			sourceTree = "<group>";
		};
		29B6D4291995552400A09D6F /* Supporting Files */ = {
			isa = PBXGroup;
			children = (
				29B6D42A1995552400A09D6F /* Info.plist */,
			);
			name = "Supporting Files";
			sourceTree = "<group>";
		};
		29B6D4351995553000A09D6F /* Classes */ = {
			isa = PBXGroup;
			children = (
				29B6D4391995554D00A09D6F /* Abstract */,
				29B6D4161995552300A09D6F /* AppDelegate.swift */,
				29B6D4361995553500A09D6F /* Models */,
				29B6D4381995554700A09D6F /* Reusable Views */,
				29B6D4471996CB6800A09D6F /* Services */,
				29B6D4371995554200A09D6F /* View Controllers */,
			);
			name = Classes;
			sourceTree = "<group>";
		};
		29B6D4361995553500A09D6F /* Models */ = {
			isa = PBXGroup;
			children = (
				29B6D43E1996864400A09D6F /* Post.swift */,
			);
			name = Models;
			sourceTree = "<group>";
		};
		29B6D4371995554200A09D6F /* View Controllers */ = {
			isa = PBXGroup;
			children = (
				29B9AF5B1999CC82006928F8 /* CommentsController.swift */,
				29F856201996E8FD008CF51A /* HackerNewsController.swift */,
				29B6D41C1995552300A09D6F /* Main.storyboard */,
				29B6D43A19957CCD00A09D6F /* ONSplitViewController.swift */,
				29B6D43C19967B9500A09D6F /* WebviewController.swift */,
			);
			name = "View Controllers";
			sourceTree = "<group>";
		};
		29B6D4381995554700A09D6F /* Reusable Views */ = {
			isa = PBXGroup;
			children = (
				29B9AF4B199827C1006928F8 /* HackerNewsCell.swift */,
				29FACBC2199AB4BB0065B1C9 /* CommentCell.swift */,
			);
			name = "Reusable Views";
			sourceTree = "<group>";
		};
		29B6D4391995554D00A09D6F /* Abstract */ = {
			isa = PBXGroup;
			children = (
				29B6D4451996CABE00A09D6F /* DataStore.swift */,
				29B6D4431996BC4100A09D6F /* GCD.swift */,
			);
			name = Abstract;
			sourceTree = "<group>";
		};
		29B6D4471996CB6800A09D6F /* Services */ = {
			isa = PBXGroup;
			children = (
				29F8561C1996E789008CF51A /* JSONRequest.swift */,
				29F8561E1996E7C2008CF51A /* HackerNewsServices.swift */,
			);
			name = Services;
			sourceTree = "<group>";
		};
		29B6D44A1996CC4B00A09D6F /* Vendor */ = {
			isa = PBXGroup;
			children = (
				29D43F8D199D095C00F8269F /* MarkupLabel */,
				29B6D44B1996CC4B00A09D6F /* SwiftyJSON.swift */,
			);
			name = Vendor;
			path = OneNews/Vendor;
			sourceTree = "<group>";
		};
		29B9AF4819982376006928F8 /* Sample Data */ = {
			isa = PBXGroup;
			children = (
				29B9AF4919982376006928F8 /* rss.json */,
			);
			name = "Sample Data";
			path = "../../Sample Data";
			sourceTree = "<group>";
		};
		29D43F8D199D095C00F8269F /* MarkupLabel */ = {
			isa = PBXGroup;
			children = (
				29D43F8E199D095C00F8269F /* CColorConverter.h */,
				29D43F8F199D095C00F8269F /* CColorConverter.m */,
				29D43F90199D095C00F8269F /* CMarkupTransformer.h */,
				29D43F91199D095C00F8269F /* CMarkupTransformer.m */,
				29D43F92199D095C00F8269F /* CSimpleMarkupParser.h */,
				29D43F93199D095C00F8269F /* CSimpleMarkupParser.m */,
				29D43F94199D095C00F8269F /* NSString+MarkupExtensions.h */,
				29D43F95199D095C00F8269F /* NSString+MarkupExtensions.m */,
				29D43F96199D095C00F8269F /* UIFont+StyleUtilities.h */,
				29D43F97199D095C00F8269F /* UIFont+StyleUtilities.m */,
				29D43F98199D095C00F8269F /* UILabel+MarkupExtensions.h */,
				29D43F99199D095C00F8269F /* UILabel+MarkupExtensions.m */,
			);
			path = MarkupLabel;
			sourceTree = "<group>";
		};
/* End PBXGroup section */

/* Begin PBXNativeTarget section */
		29B6D4101995552300A09D6F /* OneNews */ = {
			isa = PBXNativeTarget;
			buildConfigurationList = 29B6D42F1995552400A09D6F /* Build configuration list for PBXNativeTarget "OneNews" */;
			buildPhases = (
				29B6D40D1995552300A09D6F /* Sources */,
				29B6D40E1995552300A09D6F /* Frameworks */,
				29B6D40F1995552300A09D6F /* Resources */,
			);
			buildRules = (
			);
			dependencies = (
			);
			name = OneNews;
			productName = OneNews;
			productReference = 29B6D4111995552300A09D6F /* OneNews.app */;
			productType = "com.apple.product-type.application";
		};
		29B6D4241995552400A09D6F /* OneNewsTests */ = {
			isa = PBXNativeTarget;
			buildConfigurationList = 29B6D4321995552400A09D6F /* Build configuration list for PBXNativeTarget "OneNewsTests" */;
			buildPhases = (
				29B6D4211995552400A09D6F /* Sources */,
				29B6D4221995552400A09D6F /* Frameworks */,
				29B6D4231995552400A09D6F /* Resources */,
			);
			buildRules = (
			);
			dependencies = (
				29B6D4271995552400A09D6F /* PBXTargetDependency */,
			);
			name = OneNewsTests;
			productName = OneNewsTests;
			productReference = 29B6D4251995552400A09D6F /* OneNewsTests.xctest */;
			productType = "com.apple.product-type.bundle.unit-test";
		};
/* End PBXNativeTarget section */

/* Begin PBXProject section */
		29B6D4091995552300A09D6F /* Project object */ = {
			isa = PBXProject;
			attributes = {
				LastUpgradeCheck = 0600;
				ORGANIZATIONNAME = "Ryan Nystrom";
				TargetAttributes = {
					29B6D4101995552300A09D6F = {
						CreatedOnToolsVersion = 6.0;
					};
					29B6D4241995552400A09D6F = {
						CreatedOnToolsVersion = 6.0;
						TestTargetID = 29B6D4101995552300A09D6F;
					};
				};
			};
			buildConfigurationList = 29B6D40C1995552300A09D6F /* Build configuration list for PBXProject "OneNews" */;
			compatibilityVersion = "Xcode 3.2";
			developmentRegion = English;
			hasScannedForEncodings = 0;
			knownRegions = (
				en,
				Base,
			);
			mainGroup = 29B6D4081995552300A09D6F;
			productRefGroup = 29B6D4121995552300A09D6F /* Products */;
			projectDirPath = "";
			projectRoot = "";
			targets = (
				29B6D4101995552300A09D6F /* OneNews */,
				29B6D4241995552400A09D6F /* OneNewsTests */,
			);
		};
/* End PBXProject section */

/* Begin PBXResourcesBuildPhase section */
		29B6D40F1995552300A09D6F /* Resources */ = {
			isa = PBXResourcesBuildPhase;
			buildActionMask = 2147483647;
			files = (
				29B6D41E1995552300A09D6F /* Main.storyboard in Resources */,
				29B6D4201995552300A09D6F /* Images.xcassets in Resources */,
				29B9AF4A19982376006928F8 /* rss.json in Resources */,
			);
			runOnlyForDeploymentPostprocessing = 0;
		};
		29B6D4231995552400A09D6F /* Resources */ = {
			isa = PBXResourcesBuildPhase;
			buildActionMask = 2147483647;
			files = (
			);
			runOnlyForDeploymentPostprocessing = 0;
		};
/* End PBXResourcesBuildPhase section */

/* Begin PBXSourcesBuildPhase section */
		29B6D40D1995552300A09D6F /* Sources */ = {
			isa = PBXSourcesBuildPhase;
			buildActionMask = 2147483647;
			files = (
				29D43F9F199D095C00F8269F /* UILabel+MarkupExtensions.m in Sources */,
				29FACBC3199AB4BB0065B1C9 /* CommentCell.swift in Sources */,
				29D43F9D199D095C00F8269F /* NSString+MarkupExtensions.m in Sources */,
				29B6D4461996CABE00A09D6F /* DataStore.swift in Sources */,
				29B6D4441996BC4100A09D6F /* GCD.swift in Sources */,
				29B9AF4C199827C1006928F8 /* HackerNewsCell.swift in Sources */,
				29F8561D1996E789008CF51A /* JSONRequest.swift in Sources */,
				29B6D43B19957CCD00A09D6F /* ONSplitViewController.swift in Sources */,
				29B9AF5C1999CC82006928F8 /* CommentsController.swift in Sources */,
				29B6D43F1996864400A09D6F /* Post.swift in Sources */,
				29D43F9E199D095C00F8269F /* UIFont+StyleUtilities.m in Sources */,
				29F856211996E8FD008CF51A /* HackerNewsController.swift in Sources */,
				29D43F9B199D095C00F8269F /* CMarkupTransformer.m in Sources */,
				29D43F9C199D095C00F8269F /* CSimpleMarkupParser.m in Sources */,
				29B6D43D19967B9500A09D6F /* WebviewController.swift in Sources */,
				29D43F9A199D095C00F8269F /* CColorConverter.m in Sources */,
				29B6D44C1996CC4B00A09D6F /* SwiftyJSON.swift in Sources */,
				29F8561F1996E7C2008CF51A /* HackerNewsServices.swift in Sources */,
				29B6D4171995552300A09D6F /* AppDelegate.swift in Sources */,
			);
			runOnlyForDeploymentPostprocessing = 0;
		};
		29B6D4211995552400A09D6F /* Sources */ = {
			isa = PBXSourcesBuildPhase;
			buildActionMask = 2147483647;
			files = (
				29B6D42C1995552400A09D6F /* OneNewsTests.swift in Sources */,
			);
			runOnlyForDeploymentPostprocessing = 0;
		};
/* End PBXSourcesBuildPhase section */

/* Begin PBXTargetDependency section */
		29B6D4271995552400A09D6F /* PBXTargetDependency */ = {
			isa = PBXTargetDependency;
			target = 29B6D4101995552300A09D6F /* OneNews */;
			targetProxy = 29B6D4261995552400A09D6F /* PBXContainerItemProxy */;
		};
/* End PBXTargetDependency section */

/* Begin PBXVariantGroup section */
		29B6D41C1995552300A09D6F /* Main.storyboard */ = {
			isa = PBXVariantGroup;
			children = (
				29B6D41D1995552300A09D6F /* Base */,
			);
			name = Main.storyboard;
			path = OneNews;
			sourceTree = "<group>";
		};
/* End PBXVariantGroup section */

/* Begin XCBuildConfiguration section */
		29B6D42D1995552400A09D6F /* Debug */ = {
			isa = XCBuildConfiguration;
			buildSettings = {
				ALWAYS_SEARCH_USER_PATHS = NO;
				CLANG_CXX_LANGUAGE_STANDARD = "gnu++0x";
				CLANG_CXX_LIBRARY = "libc++";
				CLANG_ENABLE_MODULES = YES;
				CLANG_ENABLE_OBJC_ARC = YES;
				CLANG_WARN_BOOL_CONVERSION = YES;
				CLANG_WARN_CONSTANT_CONVERSION = YES;
				CLANG_WARN_DIRECT_OBJC_ISA_USAGE = YES_ERROR;
				CLANG_WARN_EMPTY_BODY = YES;
				CLANG_WARN_ENUM_CONVERSION = YES;
				CLANG_WARN_INT_CONVERSION = YES;
				CLANG_WARN_OBJC_ROOT_CLASS = YES_ERROR;
				CLANG_WARN_UNREACHABLE_CODE = YES;
				CLANG_WARN__DUPLICATE_METHOD_MATCH = YES;
				"CODE_SIGN_IDENTITY[sdk=iphoneos*]" = "iPhone Developer";
				COPY_PHASE_STRIP = NO;
				ENABLE_STRICT_OBJC_MSGSEND = YES;
				GCC_C_LANGUAGE_STANDARD = gnu99;
				GCC_DYNAMIC_NO_PIC = NO;
				GCC_OPTIMIZATION_LEVEL = 0;
				GCC_PREPROCESSOR_DEFINITIONS = (
					"DEBUG=1",
					"$(inherited)",
				);
				GCC_SYMBOLS_PRIVATE_EXTERN = NO;
				GCC_WARN_64_TO_32_BIT_CONVERSION = YES;
				GCC_WARN_ABOUT_RETURN_TYPE = YES_ERROR;
				GCC_WARN_UNDECLARED_SELECTOR = YES;
				GCC_WARN_UNINITIALIZED_AUTOS = YES_AGGRESSIVE;
				GCC_WARN_UNUSED_FUNCTION = YES;
				GCC_WARN_UNUSED_VARIABLE = YES;
				IPHONEOS_DEPLOYMENT_TARGET = 8.0;
				MTL_ENABLE_DEBUG_INFO = YES;
				ONLY_ACTIVE_ARCH = YES;
				SDKROOT = iphoneos;
				SWIFT_OPTIMIZATION_LEVEL = "-Onone";
				TARGETED_DEVICE_FAMILY = "1,2";
			};
			name = Debug;
		};
		29B6D42E1995552400A09D6F /* Release */ = {
			isa = XCBuildConfiguration;
			buildSettings = {
				ALWAYS_SEARCH_USER_PATHS = NO;
				CLANG_CXX_LANGUAGE_STANDARD = "gnu++0x";
				CLANG_CXX_LIBRARY = "libc++";
				CLANG_ENABLE_MODULES = YES;
				CLANG_ENABLE_OBJC_ARC = YES;
				CLANG_WARN_BOOL_CONVERSION = YES;
				CLANG_WARN_CONSTANT_CONVERSION = YES;
				CLANG_WARN_DIRECT_OBJC_ISA_USAGE = YES_ERROR;
				CLANG_WARN_EMPTY_BODY = YES;
				CLANG_WARN_ENUM_CONVERSION = YES;
				CLANG_WARN_INT_CONVERSION = YES;
				CLANG_WARN_OBJC_ROOT_CLASS = YES_ERROR;
				CLANG_WARN_UNREACHABLE_CODE = YES;
				CLANG_WARN__DUPLICATE_METHOD_MATCH = YES;
				"CODE_SIGN_IDENTITY[sdk=iphoneos*]" = "iPhone Developer";
				COPY_PHASE_STRIP = YES;
				ENABLE_NS_ASSERTIONS = NO;
				ENABLE_STRICT_OBJC_MSGSEND = YES;
				GCC_C_LANGUAGE_STANDARD = gnu99;
				GCC_WARN_64_TO_32_BIT_CONVERSION = YES;
				GCC_WARN_ABOUT_RETURN_TYPE = YES_ERROR;
				GCC_WARN_UNDECLARED_SELECTOR = YES;
				GCC_WARN_UNINITIALIZED_AUTOS = YES_AGGRESSIVE;
				GCC_WARN_UNUSED_FUNCTION = YES;
				GCC_WARN_UNUSED_VARIABLE = YES;
				IPHONEOS_DEPLOYMENT_TARGET = 8.0;
				MTL_ENABLE_DEBUG_INFO = NO;
				SDKROOT = iphoneos;
				TARGETED_DEVICE_FAMILY = "1,2";
				VALIDATE_PRODUCT = YES;
			};
			name = Release;
		};
		29B6D4301995552400A09D6F /* Debug */ = {
			isa = XCBuildConfiguration;
			buildSettings = {
				ASSETCATALOG_COMPILER_APPICON_NAME = AppIcon;
				ASSETCATALOG_COMPILER_LAUNCHIMAGE_NAME = LaunchImage;
				INFOPLIST_FILE = OneNews/Info.plist;
				LD_RUNPATH_SEARCH_PATHS = "$(inherited) @executable_path/Frameworks";
				PRODUCT_NAME = "$(TARGET_NAME)";
				SWIFT_OBJC_BRIDGING_HEADER = "OneNews/OneNews-Bridging-Header.h";
			};
			name = Debug;
		};
		29B6D4311995552400A09D6F /* Release */ = {
			isa = XCBuildConfiguration;
			buildSettings = {
				ASSETCATALOG_COMPILER_APPICON_NAME = AppIcon;
				ASSETCATALOG_COMPILER_LAUNCHIMAGE_NAME = LaunchImage;
				INFOPLIST_FILE = OneNews/Info.plist;
				LD_RUNPATH_SEARCH_PATHS = "$(inherited) @executable_path/Frameworks";
				PRODUCT_NAME = "$(TARGET_NAME)";
				SWIFT_OBJC_BRIDGING_HEADER = "OneNews/OneNews-Bridging-Header.h";
			};
			name = Release;
		};
		29B6D4331995552400A09D6F /* Debug */ = {
			isa = XCBuildConfiguration;
			buildSettings = {
				BUNDLE_LOADER = "$(TEST_HOST)";
				FRAMEWORK_SEARCH_PATHS = (
					"$(SDKROOT)/Developer/Library/Frameworks",
					"$(inherited)",
				);
				GCC_PREPROCESSOR_DEFINITIONS = (
					"DEBUG=1",
					"$(inherited)",
				);
				INFOPLIST_FILE = OneNewsTests/Info.plist;
				LD_RUNPATH_SEARCH_PATHS = "$(inherited) @executable_path/Frameworks @loader_path/Frameworks";
				PRODUCT_NAME = "$(TARGET_NAME)";
				TEST_HOST = "$(BUILT_PRODUCTS_DIR)/OneNews.app/OneNews";
			};
			name = Debug;
		};
		29B6D4341995552400A09D6F /* Release */ = {
			isa = XCBuildConfiguration;
			buildSettings = {
				BUNDLE_LOADER = "$(TEST_HOST)";
				FRAMEWORK_SEARCH_PATHS = (
					"$(SDKROOT)/Developer/Library/Frameworks",
					"$(inherited)",
				);
				INFOPLIST_FILE = OneNewsTests/Info.plist;
				LD_RUNPATH_SEARCH_PATHS = "$(inherited) @executable_path/Frameworks @loader_path/Frameworks";
				PRODUCT_NAME = "$(TARGET_NAME)";
				TEST_HOST = "$(BUILT_PRODUCTS_DIR)/OneNews.app/OneNews";
			};
			name = Release;
		};
/* End XCBuildConfiguration section */

/* Begin XCConfigurationList section */
		29B6D40C1995552300A09D6F /* Build configuration list for PBXProject "OneNews" */ = {
			isa = XCConfigurationList;
			buildConfigurations = (
				29B6D42D1995552400A09D6F /* Debug */,
				29B6D42E1995552400A09D6F /* Release */,
			);
			defaultConfigurationIsVisible = 0;
			defaultConfigurationName = Release;
		};
		29B6D42F1995552400A09D6F /* Build configuration list for PBXNativeTarget "OneNews" */ = {
			isa = XCConfigurationList;
			buildConfigurations = (
				29B6D4301995552400A09D6F /* Debug */,
				29B6D4311995552400A09D6F /* Release */,
			);
			defaultConfigurationIsVisible = 0;
			defaultConfigurationName = Release;
		};
		29B6D4321995552400A09D6F /* Build configuration list for PBXNativeTarget "OneNewsTests" */ = {
			isa = XCConfigurationList;
			buildConfigurations = (
				29B6D4331995552400A09D6F /* Debug */,
				29B6D4341995552400A09D6F /* Release */,
			);
			defaultConfigurationIsVisible = 0;
			defaultConfigurationName = Release;
		};
/* End XCConfigurationList section */
	};
	rootObject = 29B6D4091995552300A09D6F /* Project object */;
}
